
Microsoft Visual Studio Solution File, Format Version 12.00
# Visual Studio Version 17
VisualStudioVersion = 17.9.34607.119
MinimumVisualStudioVersion = 10.0.40219.1
Project("{FAE04EC0-301F-11D3-BF4B-00C04F79EFBC}") = "SnaptStories6", "SnaptStories6\SnaptStories6.csproj", "{2174E93F-01D4-45D3-B49C-33D11FAA8D7A}"
EndProject
Global
	GlobalSection(SolutionConfigurationPlatforms) = preSolution
		Debug|Any CPU = Debug|Any CPU
		Release|Any CPU = Release|Any CPU
	EndGlobalSection
	GlobalSection(ProjectConfigurationPlatforms) = postSolution
		{2174E93F-01D4-45D3-B49C-33D11FAA8D7A}.Debug|Any CPU.ActiveCfg = Debug|Any CPU
		{2174E93F-01D4-45D3-B49C-33D11FAA8D7A}.Debug|Any CPU.Build.0 = Debug|Any CPU
		{2174E93F-01D4-45D3-B49C-33D11FAA8D7A}.Release|Any CPU.ActiveCfg = Release|Any CPU
		{2174E93F-01D4-45D3-B49C-33D11FAA8D7A}.Release|Any CPU.Build.0 = Release|Any CPU
	EndGlobalSection
	GlobalSection(SolutionProperties) = preSolution
		HideSolutionNode = FALSE
	EndGlobalSection
	GlobalSection(ExtensibilityGlobals) = postSolution
		SolutionGuid = {31EE4920-4EF2-45A3-ABC4-E9DC70A351B5}
	EndGlobalSection
EndGlobal
