
Microsoft Visual Studio Solution File, Format Version 12.00
# Visual Studio Version 17
VisualStudioVersion = 17.9.34607.119
MinimumVisualStudioVersion = 10.0.40219.1
Project("{FAE04EC0-301F-11D3-BF4B-00C04F79EFBC}") = "MVCfileStructure", "MVCfileStructure\MVCfileStructure.csproj", "{4ADDBB8A-4617-4002-887A-AF62F2120973}"
EndProject
Global
	GlobalSection(SolutionConfigurationPlatforms) = preSolution
		Debug|Any CPU = Debug|Any CPU
		Release|Any CPU = Release|Any CPU
	EndGlobalSection
	GlobalSection(ProjectConfigurationPlatforms) = postSolution
		{4ADDBB8A-4617-4002-887A-AF62F2120973}.Debug|Any CPU.ActiveCfg = Debug|Any CPU
		{4ADDBB8A-4617-4002-887A-AF62F2120973}.Debug|Any CPU.Build.0 = Debug|Any CPU
		{4ADDBB8A-4617-4002-887A-AF62F2120973}.Release|Any CPU.ActiveCfg = Release|Any CPU
		{4ADDBB8A-4617-4002-887A-AF62F2120973}.Release|Any CPU.Build.0 = Release|Any CPU
	EndGlobalSection
	GlobalSection(SolutionProperties) = preSolution
		HideSolutionNode = FALSE
	EndGlobalSection
	GlobalSection(ExtensibilityGlobals) = postSolution
		SolutionGuid = {C72BB9E5-A000-4A4B-9B65-04C3B31C7DE8}
	EndGlobalSection
EndGlobal
