
Microsoft Visual Studio Solution File, Format Version 12.00
# Visual Studio Version 17
VisualStudioVersion = 17.8.34322.80
MinimumVisualStudioVersion = 10.0.40219.1
Project("{FAE04EC0-301F-11D3-BF4B-00C04F79EFBC}") = "SandBox4(sass)", "SandBox4(sass)\SandBox4(sass).csproj", "{211F8FE9-BEAF-4DB9-B1DC-05C2F9E0BA60}"
EndProject
Global
	GlobalSection(SolutionConfigurationPlatforms) = preSolution
		Debug|Any CPU = Debug|Any CPU
		Release|Any CPU = Release|Any CPU
	EndGlobalSection
	GlobalSection(ProjectConfigurationPlatforms) = postSolution
		{211F8FE9-BEAF-4DB9-B1DC-05C2F9E0BA60}.Debug|Any CPU.ActiveCfg = Debug|Any CPU
		{211F8FE9-BEAF-4DB9-B1DC-05C2F9E0BA60}.Debug|Any CPU.Build.0 = Debug|Any CPU
		{211F8FE9-BEAF-4DB9-B1DC-05C2F9E0BA60}.Release|Any CPU.ActiveCfg = Release|Any CPU
		{211F8FE9-BEAF-4DB9-B1DC-05C2F9E0BA60}.Release|Any CPU.Build.0 = Release|Any CPU
	EndGlobalSection
	GlobalSection(SolutionProperties) = preSolution
		HideSolutionNode = FALSE
	EndGlobalSection
	GlobalSection(ExtensibilityGlobals) = postSolution
		SolutionGuid = {DCE4DDF0-3B70-44E3-B78C-30B2466535BD}
	EndGlobalSection
EndGlobal
