
Microsoft Visual Studio Solution File, Format Version 12.00
# Visual Studio Version 17
VisualStudioVersion = 17.10.34607.79
MinimumVisualStudioVersion = 10.0.40219.1
Project("{9A19103F-16F7-4668-BE54-9A1E7A4F7556}") = "Contoso6", "Contoso6\Contoso6.csproj", "{4EA7CA1F-BFA6-4787-8015-5D5699D39B26}"
EndProject
Project("{FAE04EC0-301F-11D3-BF4B-00C04F79EFBC}") = "Contoso6.AppHost", "Contoso6.AppHost\Contoso6.AppHost.csproj", "{0FC6450C-59C4-44E8-8EF9-8EBDCD6552BA}"
EndProject
Project("{9A19103F-16F7-4668-BE54-9A1E7A4F7556}") = "Contoso6.ServiceDefaults", "Contoso6.ServiceDefaults\Contoso6.ServiceDefaults.csproj", "{69838DA2-139F-40A9-96BF-7F753C9695C9}"
EndProject
Global
	GlobalSection(SolutionConfigurationPlatforms) = preSolution
		Debug|Any CPU = Debug|Any CPU
		Release|Any CPU = Release|Any CPU
	EndGlobalSection
	GlobalSection(ProjectConfigurationPlatforms) = postSolution
		{4EA7CA1F-BFA6-4787-8015-5D5699D39B26}.Debug|Any CPU.ActiveCfg = Debug|Any CPU
		{4EA7CA1F-BFA6-4787-8015-5D5699D39B26}.Debug|Any CPU.Build.0 = Debug|Any CPU
		{4EA7CA1F-BFA6-4787-8015-5D5699D39B26}.Release|Any CPU.ActiveCfg = Release|Any CPU
		{4EA7CA1F-BFA6-4787-8015-5D5699D39B26}.Release|Any CPU.Build.0 = Release|Any CPU
		{0FC6450C-59C4-44E8-8EF9-8EBDCD6552BA}.Debug|Any CPU.ActiveCfg = Debug|Any CPU
		{0FC6450C-59C4-44E8-8EF9-8EBDCD6552BA}.Debug|Any CPU.Build.0 = Debug|Any CPU
		{0FC6450C-59C4-44E8-8EF9-8EBDCD6552BA}.Release|Any CPU.ActiveCfg = Release|Any CPU
		{0FC6450C-59C4-44E8-8EF9-8EBDCD6552BA}.Release|Any CPU.Build.0 = Release|Any CPU
		{69838DA2-139F-40A9-96BF-7F753C9695C9}.Debug|Any CPU.ActiveCfg = Debug|Any CPU
		{69838DA2-139F-40A9-96BF-7F753C9695C9}.Debug|Any CPU.Build.0 = Debug|Any CPU
		{69838DA2-139F-40A9-96BF-7F753C9695C9}.Release|Any CPU.ActiveCfg = Release|Any CPU
		{69838DA2-139F-40A9-96BF-7F753C9695C9}.Release|Any CPU.Build.0 = Release|Any CPU
	EndGlobalSection
	GlobalSection(SolutionProperties) = preSolution
		HideSolutionNode = FALSE
	EndGlobalSection
	GlobalSection(ExtensibilityGlobals) = postSolution
		SolutionGuid = {EB4FCD0B-4931-4AD6-B596-D9F7358B5734}
	EndGlobalSection
EndGlobal
