
Microsoft Visual Studio Solution File, Format Version 12.00
# Visual Studio Version 17
VisualStudioVersion = 17.9.34616.47
MinimumVisualStudioVersion = 10.0.40219.1
Project("{FAE04EC0-301F-11D3-BF4B-00C04F79EFBC}") = "Contoso8", "Contoso8\Contoso8.csproj", "{711952BD-6363-45CC-B130-B3C507F4A51A}"
EndProject
Global
	GlobalSection(SolutionConfigurationPlatforms) = preSolution
		Debug|Any CPU = Debug|Any CPU
		Release|Any CPU = Release|Any CPU
	EndGlobalSection
	GlobalSection(ProjectConfigurationPlatforms) = postSolution
		{711952BD-6363-45CC-B130-B3C507F4A51A}.Debug|Any CPU.ActiveCfg = Debug|Any CPU
		{711952BD-6363-45CC-B130-B3C507F4A51A}.Debug|Any CPU.Build.0 = Debug|Any CPU
		{711952BD-6363-45CC-B130-B3C507F4A51A}.Release|Any CPU.ActiveCfg = Release|Any CPU
		{711952BD-6363-45CC-B130-B3C507F4A51A}.Release|Any CPU.Build.0 = Release|Any CPU
	EndGlobalSection
	GlobalSection(SolutionProperties) = preSolution
		HideSolutionNode = FALSE
	EndGlobalSection
	GlobalSection(ExtensibilityGlobals) = postSolution
		SolutionGuid = {32BBBAE8-164B-466A-8759-352CA7979D59}
	EndGlobalSection
EndGlobal
