
Microsoft Visual Studio Solution File, Format Version 12.00
# Visual Studio Version 17
VisualStudioVersion = 17.9.34607.119
MinimumVisualStudioVersion = 10.0.40219.1
Project("{FAE04EC0-301F-11D3-BF4B-00C04F79EFBC}") = "Contoso1", "Contoso1\Contoso1.csproj", "{6C358921-CE94-4B33-95A4-D8831AA16107}"
EndProject
Global
	GlobalSection(SolutionConfigurationPlatforms) = preSolution
		Debug|Any CPU = Debug|Any CPU
		Release|Any CPU = Release|Any CPU
	EndGlobalSection
	GlobalSection(ProjectConfigurationPlatforms) = postSolution
		{6C358921-CE94-4B33-95A4-D8831AA16107}.Debug|Any CPU.ActiveCfg = Debug|Any CPU
		{6C358921-CE94-4B33-95A4-D8831AA16107}.Debug|Any CPU.Build.0 = Debug|Any CPU
		{6C358921-CE94-4B33-95A4-D8831AA16107}.Release|Any CPU.ActiveCfg = Release|Any CPU
		{6C358921-CE94-4B33-95A4-D8831AA16107}.Release|Any CPU.Build.0 = Release|Any CPU
	EndGlobalSection
	GlobalSection(SolutionProperties) = preSolution
		HideSolutionNode = FALSE
	EndGlobalSection
	GlobalSection(ExtensibilityGlobals) = postSolution
		SolutionGuid = {BBAA7642-CC1C-4AE2-9E5C-21C15DF0A97F}
	EndGlobalSection
EndGlobal
