
Microsoft Visual Studio Solution File, Format Version 12.00
# Visual Studio Version 17
VisualStudioVersion = 17.10.34607.79
MinimumVisualStudioVersion = 10.0.40219.1
Project("{9092AA53-FB77-4645-B42D-1CCCA6BD08BD}") = "NodejsConsoleApp1", "NodejsConsoleApp1\NodejsConsoleApp1.njsproj", "{1D35E2E5-DF37-4CCD-A2EA-A37AB0A8CC76}"
EndProject
Global
	GlobalSection(SolutionConfigurationPlatforms) = preSolution
		Debug|Any CPU = Debug|Any CPU
		Release|Any CPU = Release|Any CPU
	EndGlobalSection
	GlobalSection(ProjectConfigurationPlatforms) = postSolution
		{1D35E2E5-DF37-4CCD-A2EA-A37AB0A8CC76}.Debug|Any CPU.ActiveCfg = Debug|Any CPU
		{1D35E2E5-DF37-4CCD-A2EA-A37AB0A8CC76}.Debug|Any CPU.Build.0 = Debug|Any CPU
		{1D35E2E5-DF37-4CCD-A2EA-A37AB0A8CC76}.Release|Any CPU.ActiveCfg = Release|Any CPU
		{1D35E2E5-DF37-4CCD-A2EA-A37AB0A8CC76}.Release|Any CPU.Build.0 = Release|Any CPU
	EndGlobalSection
	GlobalSection(SolutionProperties) = preSolution
		HideSolutionNode = FALSE
	EndGlobalSection
	GlobalSection(ExtensibilityGlobals) = postSolution
		SolutionGuid = {1965A1A3-8105-4147-A054-13008846E45A}
	EndGlobalSection
EndGlobal
